<?xml version="1.0" encoding="utf-8"?>
<Project ToolsVersion="4.0" xmlns="http://schemas.microsoft.com/developer/msbuild/2003">
  <ItemGroup>
    <Filter Include="src">
      <UniqueIdentifier>{2DAB880B-99B4-887C-2230-9F7C8E38947C}</UniqueIdentifier>
    </Filter>
    <Filter Include="src\Debug">
      <UniqueIdentifier>{63A3C3B2-CF0D-7829-184C-29CF84F5557E}</UniqueIdentifier>
    </Filter>
    <Filter Include="src\ImGui">
      <UniqueIdentifier>{170E22B3-8378-D629-CCB6-87CF3860B47E}</UniqueIdentifier>
    </Filter>
    <Filter Include="src\Panels">
      <UniqueIdentifier>{DFE6F326-CB9E-3574-34A6-0ED0207DD064}</UniqueIdentifier>
    </Filter>
    <Filter Include="src\Project">
      <UniqueIdentifier>{732C2D2D-DFE1-A522-68D6-9FF9D48A9C26}</UniqueIdentifier>
    </Filter>
    <Filter Include="src\Scene">
      <UniqueIdentifier>{0A06D2B3-7670-862A-BFAE-37D02B58647F}</UniqueIdentifier>
    </Filter>
    <Filter Include="vendor">
      <UniqueIdentifier>{B3738122-9F15-ACF8-88D0-BF4C74113349}</UniqueIdentifier>
    </Filter>
    <Filter Include="vendor\ImGuizmo">
      <UniqueIdentifier>{73BF7F4C-DF4A-ED10-E85B-700554664911}</UniqueIdentifier>
    </Filter>
  </ItemGroup>
  <ItemGroup>
    <ClInclude Include="src\Debug\EditorConsole.h">
      <Filter>src\Debug</Filter>
    </ClInclude>
    <ClInclude Include="src\EditorLayer.h">
      <Filter>src</Filter>
    </ClInclude>
    <ClInclude Include="src\ImGui\ImGuiLayer.h">
      <Filter>src\ImGui</Filter>
    </ClInclude>
    <ClInclude Include="src\Panels\ConsolePanel.h">
      <Filter>src\Panels</Filter>
    </ClInclude>
    <ClInclude Include="src\Panels\ContentBrowserPanel.h">
      <Filter>src\Panels</Filter>
    </ClInclude>
    <ClInclude Include="src\Panels\EditorPanel.h">
      <Filter>src\Panels</Filter>
    </ClInclude>
    <ClInclude Include="src\Panels\PanelDragPayload.h">
      <Filter>src\Panels</Filter>
    </ClInclude>
    <ClInclude Include="src\Panels\PanelManager.h">
      <Filter>src\Panels</Filter>
    </ClInclude>
    <ClInclude Include="src\Panels\SceneHierarchyPanel.h">
      <Filter>src\Panels</Filter>
    </ClInclude>
    <ClInclude Include="src\Panels\ToolbarPanel.h">
      <Filter>src\Panels</Filter>
    </ClInclude>
    <ClInclude Include="src\Panels\ViewportPanel.h">
      <Filter>src\Panels</Filter>
    </ClInclude>
    <ClInclude Include="src\Project\ProjectManager.h">
      <Filter>src\Project</Filter>
    </ClInclude>
    <ClInclude Include="src\Project\ProjectTools.h">
      <Filter>src\Project</Filter>
    </ClInclude>
    <ClInclude Include="src\Scene\EditorCamera.h">
      <Filter>src\Scene</Filter>
    </ClInclude>
    <ClInclude Include="src\Scene\EditorScene.h">
      <Filter>src\Scene</Filter>
    </ClInclude>
    <ClInclude Include="vendor\ImGuizmo\ImGuizmo.h">
      <Filter>vendor\ImGuizmo</Filter>
    </ClInclude>
  </ItemGroup>
  <ItemGroup>
    <ClCompile Include="src\Debug\EditorConsole.cpp">
      <Filter>src\Debug</Filter>
    </ClCompile>
    <ClCompile Include="src\EditorApp.cpp">
      <Filter>src</Filter>
    </ClCompile>
    <ClCompile Include="src\EditorLayer.cpp">
      <Filter>src</Filter>
    </ClCompile>
    <ClCompile Include="src\ImGui\ImGuiBuild.cpp">
      <Filter>src\ImGui</Filter>
    </ClCompile>
    <ClCompile Include="src\ImGui\ImGuiLayer.cpp">
      <Filter>src\ImGui</Filter>
    </ClCompile>
    <ClCompile Include="src\Panels\ConsolePanel.cpp">
      <Filter>src\Panels</Filter>
    </ClCompile>
    <ClCompile Include="src\Panels\ContentBrowserPanel.cpp">
      <Filter>src\Panels</Filter>
    </ClCompile>
    <ClCompile Include="src\Panels\EditorPanel.cpp">
      <Filter>src\Panels</Filter>
    </ClCompile>
    <ClCompile Include="src\Panels\PanelManager.cpp">
      <Filter>src\Panels</Filter>
    </ClCompile>
    <ClCompile Include="src\Panels\SceneHierarchyPanel.cpp">
      <Filter>src\Panels</Filter>
    </ClCompile>
    <ClCompile Include="src\Panels\ToolbarPanel.cpp">
      <Filter>src\Panels</Filter>
    </ClCompile>
    <ClCompile Include="src\Panels\ViewportPanel.cpp">
      <Filter>src\Panels</Filter>
    </ClCompile>
    <ClCompile Include="src\Project\ProjectManager.cpp">
      <Filter>src\Project</Filter>
    </ClCompile>
    <ClCompile Include="src\Project\ProjectTools.cpp">
      <Filter>src\Project</Filter>
    </ClCompile>
    <ClCompile Include="src\Scene\EditorCamera.cpp">
      <Filter>src\Scene</Filter>
    </ClCompile>
    <ClCompile Include="src\Scene\EditorScene.cpp">
      <Filter>src\Scene</Filter>
    </ClCompile>
    <ClCompile Include="vendor\ImGuizmo\ImGuizmo.cpp">
      <Filter>vendor\ImGuizmo</Filter>
    </ClCompile>
  </ItemGroup>
</Project>